
Microsoft Visual Studio Solution File, Format Version 12.00
# Visual Studio Version 16
VisualStudioVersion = 16.0.31911.196
MinimumVisualStudioVersion = 10.0.40219.1
Project("{FAE04EC0-301F-11D3-BF4B-00C04F79EFBC}") = "hashtable", "hashtable\hashtable.csproj", "{B3076C07-E53F-4D5A-A787-B42B937EC6EA}"
EndProject
Global
	GlobalSection(SolutionConfigurationPlatforms) = preSolution
		Debug|Any CPU = Debug|Any CPU
		Release|Any CPU = Release|Any CPU
	EndGlobalSection
	GlobalSection(ProjectConfigurationPlatforms) = postSolution
		{B3076C07-E53F-4D5A-A787-B42B937EC6EA}.Debug|Any CPU.ActiveCfg = Debug|Any CPU
		{B3076C07-E53F-4D5A-A787-B42B937EC6EA}.Debug|Any CPU.Build.0 = Debug|Any CPU
		{B3076C07-E53F-4D5A-A787-B42B937EC6EA}.Release|Any CPU.ActiveCfg = Release|Any CPU
		{B3076C07-E53F-4D5A-A787-B42B937EC6EA}.Release|Any CPU.Build.0 = Release|Any CPU
	EndGlobalSection
	GlobalSection(SolutionProperties) = preSolution
		HideSolutionNode = FALSE
	EndGlobalSection
	GlobalSection(ExtensibilityGlobals) = postSolution
		SolutionGuid = {0A36F687-134A-49F9-8775-E088138D4475}
	EndGlobalSection
EndGlobal
